
Microsoft Visual Studio Solution File, Format Version 12.00
# Visual Studio Version 17
VisualStudioVersion = 17.0.31903.59
MinimumVisualStudioVersion = 10.0.40219.1
Project("{2150E333-8FDC-42A3-9474-1A3956D46DE8}") = "tests", "tests", "{8ABE51B1-ED8C-4A97-9CCF-BDE5D523532D}"
EndProject
Project("{FAE04EC0-301F-11D3-BF4B-00C04F79EFBC}") = "Shokz.Tests", "tests\Shokz.Tests\Shokz.Tests.csproj", "{EEDFC233-C751-4E1E-82E5-77EC99DD4AAD}"
EndProject
Project("{FAE04EC0-301F-11D3-BF4B-00C04F79EFBC}") = "Shokz.IntegrationTests", "tests\Shokz.IntegrationTests\Shokz.IntegrationTests.csproj", "{617C8E17-CE7A-48EE-8AC9-639F7317B1FA}"
EndProject
Project("{2150E333-8FDC-42A3-9474-1A3956D46DE8}") = "src", "src", "{3EA568A0-1F53-4EE8-BFF9-9149837204BE}"
EndProject
Project("{FAE04EC0-301F-11D3-BF4B-00C04F79EFBC}") = "Shokz", "src\Shokz\Shokz.csproj", "{D7BC3D1F-A9D9-4C84-91C8-5C465F8D48C8}"
EndProject
Global
	GlobalSection(SolutionConfigurationPlatforms) = preSolution
		Debug|Any CPU = Debug|Any CPU
		Release|Any CPU = Release|Any CPU
	EndGlobalSection
	GlobalSection(ProjectConfigurationPlatforms) = postSolution
		{EEDFC233-C751-4E1E-82E5-77EC99DD4AAD}.Debug|Any CPU.ActiveCfg = Debug|Any CPU
		{EEDFC233-C751-4E1E-82E5-77EC99DD4AAD}.Debug|Any CPU.Build.0 = Debug|Any CPU
		{EEDFC233-C751-4E1E-82E5-77EC99DD4AAD}.Release|Any CPU.ActiveCfg = Release|Any CPU
		{EEDFC233-C751-4E1E-82E5-77EC99DD4AAD}.Release|Any CPU.Build.0 = Release|Any CPU
		{617C8E17-CE7A-48EE-8AC9-639F7317B1FA}.Debug|Any CPU.ActiveCfg = Debug|Any CPU
		{617C8E17-CE7A-48EE-8AC9-639F7317B1FA}.Debug|Any CPU.Build.0 = Debug|Any CPU
		{617C8E17-CE7A-48EE-8AC9-639F7317B1FA}.Release|Any CPU.ActiveCfg = Release|Any CPU
		{617C8E17-CE7A-48EE-8AC9-639F7317B1FA}.Release|Any CPU.Build.0 = Release|Any CPU
		{D7BC3D1F-A9D9-4C84-91C8-5C465F8D48C8}.Debug|Any CPU.ActiveCfg = Debug|Any CPU
		{D7BC3D1F-A9D9-4C84-91C8-5C465F8D48C8}.Debug|Any CPU.Build.0 = Debug|Any CPU
		{D7BC3D1F-A9D9-4C84-91C8-5C465F8D48C8}.Release|Any CPU.ActiveCfg = Release|Any CPU
		{D7BC3D1F-A9D9-4C84-91C8-5C465F8D48C8}.Release|Any CPU.Build.0 = Release|Any CPU
	EndGlobalSection
	GlobalSection(SolutionProperties) = preSolution
		HideSolutionNode = FALSE
	EndGlobalSection
	GlobalSection(NestedProjects) = preSolution
		{EEDFC233-C751-4E1E-82E5-77EC99DD4AAD} = {8ABE51B1-ED8C-4A97-9CCF-BDE5D523532D}
		{617C8E17-CE7A-48EE-8AC9-639F7317B1FA} = {8ABE51B1-ED8C-4A97-9CCF-BDE5D523532D}
		{D7BC3D1F-A9D9-4C84-91C8-5C465F8D48C8} = {3EA568A0-1F53-4EE8-BFF9-9149837204BE}
	EndGlobalSection
EndGlobal
